
Microsoft Visual Studio Solution File, Format Version 12.00
# Visual Studio Version 16
VisualStudioVersion = 16.0.31911.196
MinimumVisualStudioVersion = 10.0.40219.1
Project("{FAE04EC0-301F-11D3-BF4B-00C04F79EFBC}") = "calculator", "calculator\calculator.csproj", "{B49645DA-67E5-425C-9B8F-B055AFF759FE}"
EndProject
Global
	GlobalSection(SolutionConfigurationPlatforms) = preSolution
		Debug|Any CPU = Debug|Any CPU
		Release|Any CPU = Release|Any CPU
	EndGlobalSection
	GlobalSection(ProjectConfigurationPlatforms) = postSolution
		{B49645DA-67E5-425C-9B8F-B055AFF759FE}.Debug|Any CPU.ActiveCfg = Debug|Any CPU
		{B49645DA-67E5-425C-9B8F-B055AFF759FE}.Debug|Any CPU.Build.0 = Debug|Any CPU
		{B49645DA-67E5-425C-9B8F-B055AFF759FE}.Release|Any CPU.ActiveCfg = Release|Any CPU
		{B49645DA-67E5-425C-9B8F-B055AFF759FE}.Release|Any CPU.Build.0 = Release|Any CPU
	EndGlobalSection
	GlobalSection(SolutionProperties) = preSolution
		HideSolutionNode = FALSE
	EndGlobalSection
	GlobalSection(ExtensibilityGlobals) = postSolution
		SolutionGuid = {D8B13A15-C2AC-4026-AEDD-7417007B66FA}
	EndGlobalSection
EndGlobal
